
Microsoft Visual Studio Solution File, Format Version 12.00
# Visual Studio Version 16
VisualStudioVersion = 16.0.29926.136
MinimumVisualStudioVersion = 10.0.40219.1
Project("{8BC9CEB8-8B4A-11D0-8D11-00A0C91BC942}") = "yyy_st", "yyy_st\yyy_st.vcxproj", "{87A44842-1ED8-4CA3-A7DC-5EFA983F8289}"
EndProject
Project("{8BC9CEB8-8B4A-11D0-8D11-00A0C91BC942}") = "scp", "scp\scp.vcxproj", "{750681CB-DA61-40F6-BD4E-E4C6BF1C69F0}"
EndProject
Project("{8BC9CEB8-8B4A-11D0-8D11-00A0C91BC942}") = "core", "core\core.vcxproj", "{BF9CBA80-7FFD-4ADE-A316-15089DE5D704}"
EndProject
Project("{8BC9CEB8-8B4A-11D0-8D11-00A0C91BC942}") = "click_mouse", "click_mouse\click_mouse.vcxproj", "{38B6E87E-0776-4496-94C4-D9335BFD0A06}"
EndProject
Global
	GlobalSection(SolutionConfigurationPlatforms) = preSolution
		Debug|x64 = Debug|x64
		Debug|x86 = Debug|x86
		Release|x64 = Release|x64
		Release|x86 = Release|x86
	EndGlobalSection
	GlobalSection(ProjectConfigurationPlatforms) = postSolution
		{87A44842-1ED8-4CA3-A7DC-5EFA983F8289}.Debug|x64.ActiveCfg = Debug|x64
		{87A44842-1ED8-4CA3-A7DC-5EFA983F8289}.Debug|x64.Build.0 = Debug|x64
		{87A44842-1ED8-4CA3-A7DC-5EFA983F8289}.Debug|x86.ActiveCfg = Debug|Win32
		{87A44842-1ED8-4CA3-A7DC-5EFA983F8289}.Debug|x86.Build.0 = Debug|Win32
		{87A44842-1ED8-4CA3-A7DC-5EFA983F8289}.Release|x64.ActiveCfg = Release|x64
		{87A44842-1ED8-4CA3-A7DC-5EFA983F8289}.Release|x64.Build.0 = Release|x64
		{87A44842-1ED8-4CA3-A7DC-5EFA983F8289}.Release|x86.ActiveCfg = Release|Win32
		{87A44842-1ED8-4CA3-A7DC-5EFA983F8289}.Release|x86.Build.0 = Release|Win32
		{750681CB-DA61-40F6-BD4E-E4C6BF1C69F0}.Debug|x64.ActiveCfg = Debug|x64
		{750681CB-DA61-40F6-BD4E-E4C6BF1C69F0}.Debug|x64.Build.0 = Debug|x64
		{750681CB-DA61-40F6-BD4E-E4C6BF1C69F0}.Debug|x86.ActiveCfg = Debug|Win32
		{750681CB-DA61-40F6-BD4E-E4C6BF1C69F0}.Debug|x86.Build.0 = Debug|Win32
		{750681CB-DA61-40F6-BD4E-E4C6BF1C69F0}.Release|x64.ActiveCfg = Release|x64
		{750681CB-DA61-40F6-BD4E-E4C6BF1C69F0}.Release|x64.Build.0 = Release|x64
		{750681CB-DA61-40F6-BD4E-E4C6BF1C69F0}.Release|x86.ActiveCfg = Release|Win32
		{750681CB-DA61-40F6-BD4E-E4C6BF1C69F0}.Release|x86.Build.0 = Release|Win32
		{BF9CBA80-7FFD-4ADE-A316-15089DE5D704}.Debug|x64.ActiveCfg = Debug|x64
		{BF9CBA80-7FFD-4ADE-A316-15089DE5D704}.Debug|x64.Build.0 = Debug|x64
		{BF9CBA80-7FFD-4ADE-A316-15089DE5D704}.Debug|x86.ActiveCfg = Debug|Win32
		{BF9CBA80-7FFD-4ADE-A316-15089DE5D704}.Debug|x86.Build.0 = Debug|Win32
		{BF9CBA80-7FFD-4ADE-A316-15089DE5D704}.Release|x64.ActiveCfg = Release|x64
		{BF9CBA80-7FFD-4ADE-A316-15089DE5D704}.Release|x64.Build.0 = Release|x64
		{BF9CBA80-7FFD-4ADE-A316-15089DE5D704}.Release|x86.ActiveCfg = Release|Win32
		{BF9CBA80-7FFD-4ADE-A316-15089DE5D704}.Release|x86.Build.0 = Release|Win32
		{38B6E87E-0776-4496-94C4-D9335BFD0A06}.Debug|x64.ActiveCfg = Debug|x64
		{38B6E87E-0776-4496-94C4-D9335BFD0A06}.Debug|x64.Build.0 = Debug|x64
		{38B6E87E-0776-4496-94C4-D9335BFD0A06}.Debug|x86.ActiveCfg = Debug|Win32
		{38B6E87E-0776-4496-94C4-D9335BFD0A06}.Debug|x86.Build.0 = Debug|Win32
		{38B6E87E-0776-4496-94C4-D9335BFD0A06}.Release|x64.ActiveCfg = Release|x64
		{38B6E87E-0776-4496-94C4-D9335BFD0A06}.Release|x64.Build.0 = Release|x64
		{38B6E87E-0776-4496-94C4-D9335BFD0A06}.Release|x86.ActiveCfg = Release|Win32
		{38B6E87E-0776-4496-94C4-D9335BFD0A06}.Release|x86.Build.0 = Release|Win32
	EndGlobalSection
	GlobalSection(SolutionProperties) = preSolution
		HideSolutionNode = FALSE
	EndGlobalSection
	GlobalSection(ExtensibilityGlobals) = postSolution
		SolutionGuid = {1C286C28-FFA4-4F5C-BC67-5621FD16F433}
	EndGlobalSection
EndGlobal
